// !$*UTF8*$!
{
	archiveVersion = 1;
	classes = {
	};
	objectVersion = 46;
	objects = {

/* Begin PBXBuildFile section */
		F36005031DB6558100FEFFDF /* AppDelegate.swift in Sources */ = {isa = PBXBuildFile; fileRef = F36005021DB6558100FEFFDF /* AppDelegate.swift */; };
		F36005051DB6558100FEFFDF /* ViewController.swift in Sources */ = {isa = PBXBuildFile; fileRef = F36005041DB6558100FEFFDF /* ViewController.swift */; };
		F36005081DB6558100FEFFDF /* Main.storyboard in Resources */ = {isa = PBXBuildFile; fileRef = F36005061DB6558100FEFFDF /* Main.storyboard */; };
		F360050A1DB6558100FEFFDF /* Assets.xcassets in Resources */ = {isa = PBXBuildFile; fileRef = F36005091DB6558100FEFFDF /* Assets.xcassets */; };
		F36005121DB6578E00FEFFDF /* CoreDataQueryInterface.framework in Frameworks */ = {isa = PBXBuildFile; fileRef = F36005111DB6578E00FEFFDF /* CoreDataQueryInterface.framework */; };
		F36005131DB6578E00FEFFDF /* CoreDataQueryInterface.framework in Embed Frameworks */ = {isa = PBXBuildFile; fileRef = F36005111DB6578E00FEFFDF /* CoreDataQueryInterface.framework */; settings = {ATTRIBUTES = (CodeSignOnCopy, RemoveHeadersOnCopy, ); }; };
/* End PBXBuildFile section */

/* Begin PBXCopyFilesBuildPhase section */
		F36005141DB6578E00FEFFDF /* Embed Frameworks */ = {
			isa = PBXCopyFilesBuildPhase;
			buildActionMask = 2147483647;
			dstPath = "";
			dstSubfolderSpec = 10;
			files = (
				F36005131DB6578E00FEFFDF /* CoreDataQueryInterface.framework in Embed Frameworks */,
			);
			name = "Embed Frameworks";
			runOnlyForDeploymentPostprocessing = 0;
		};
/* End PBXCopyFilesBuildPhase section */

/* Begin PBXFileReference section */
		F36004FF1DB6558100FEFFDF /* Vino.app */ = {isa = PBXFileReference; explicitFileType = wrapper.application; includeInIndex = 0; path = Vino.app; sourceTree = BUILT_PRODUCTS_DIR; };
		F36005021DB6558100FEFFDF /* AppDelegate.swift */ = {isa = PBXFileReference; lastKnownFileType = sourcecode.swift; path = AppDelegate.swift; sourceTree = "<group>"; };
		F36005041DB6558100FEFFDF /* ViewController.swift */ = {isa = PBXFileReference; lastKnownFileType = sourcecode.swift; path = ViewController.swift; sourceTree = "<group>"; };
		F36005071DB6558100FEFFDF /* Base */ = {isa = PBXFileReference; lastKnownFileType = file.storyboard; name = Base; path = Base.lproj/Main.storyboard; sourceTree = "<group>"; };
		F36005091DB6558100FEFFDF /* Assets.xcassets */ = {isa = PBXFileReference; lastKnownFileType = folder.assetcatalog; path = Assets.xcassets; sourceTree = "<group>"; };
		F360050B1DB6558100FEFFDF /* Info.plist */ = {isa = PBXFileReference; lastKnownFileType = text.plist.xml; path = Info.plist; sourceTree = "<group>"; };
		F36005111DB6578E00FEFFDF /* CoreDataQueryInterface.framework */ = {isa = PBXFileReference; lastKnownFileType = wrapper.framework; name = CoreDataQueryInterface.framework; path = Carthage/Build/tvOS/CoreDataQueryInterface.framework; sourceTree = "<group>"; };
/* End PBXFileReference section */

/* Begin PBXFrameworksBuildPhase section */
		F36004FC1DB6558100FEFFDF /* Frameworks */ = {
			isa = PBXFrameworksBuildPhase;
			buildActionMask = 2147483647;
			files = (
				F36005121DB6578E00FEFFDF /* CoreDataQueryInterface.framework in Frameworks */,
			);
			runOnlyForDeploymentPostprocessing = 0;
		};
/* End PBXFrameworksBuildPhase section */

/* Begin PBXGroup section */
		F36004F61DB6558100FEFFDF = {
			isa = PBXGroup;
			children = (
				F36005111DB6578E00FEFFDF /* CoreDataQueryInterface.framework */,
				F36005011DB6558100FEFFDF /* Vino */,
				F36005001DB6558100FEFFDF /* Products */,
			);
			sourceTree = "<group>";
		};
		F36005001DB6558100FEFFDF /* Products */ = {
			isa = PBXGroup;
			children = (
				F36004FF1DB6558100FEFFDF /* Vino.app */,
			);
			name = Products;
			sourceTree = "<group>";
		};
		F36005011DB6558100FEFFDF /* Vino */ = {
			isa = PBXGroup;
			children = (
				F36005021DB6558100FEFFDF /* AppDelegate.swift */,
				F36005041DB6558100FEFFDF /* ViewController.swift */,
				F36005061DB6558100FEFFDF /* Main.storyboard */,
				F36005091DB6558100FEFFDF /* Assets.xcassets */,
				F360050B1DB6558100FEFFDF /* Info.plist */,
			);
			path = Vino;
			sourceTree = "<group>";
		};
/* End PBXGroup section */

/* Begin PBXNativeTarget section */
		F36004FE1DB6558100FEFFDF /* Vino */ = {
			isa = PBXNativeTarget;
			buildConfigurationList = F360050E1DB6558100FEFFDF /* Build configuration list for PBXNativeTarget "Vino" */;
			buildPhases = (
				F36004FB1DB6558100FEFFDF /* Sources */,
				F36004FC1DB6558100FEFFDF /* Frameworks */,
				F36004FD1DB6558100FEFFDF /* Resources */,
				F36005141DB6578E00FEFFDF /* Embed Frameworks */,
			);
			buildRules = (
			);
			dependencies = (
			);
			name = Vino;
			productName = Vino;
			productReference = F36004FF1DB6558100FEFFDF /* Vino.app */;
			productType = "com.apple.product-type.application";
		};
/* End PBXNativeTarget section */

/* Begin PBXProject section */
		F36004F71DB6558100FEFFDF /* Project object */ = {
			isa = PBXProject;
			attributes = {
				LastSwiftUpdateCheck = 0800;
				LastUpgradeCheck = 0800;
				ORGANIZATIONNAME = "Gregory Higley";
				TargetAttributes = {
					F36004FE1DB6558100FEFFDF = {
						CreatedOnToolsVersion = 8.0;
						DevelopmentTeam = RWC7T4Z6DX;
						ProvisioningStyle = Automatic;
					};
				};
			};
			buildConfigurationList = F36004FA1DB6558100FEFFDF /* Build configuration list for PBXProject "Vino" */;
			compatibilityVersion = "Xcode 3.2";
			developmentRegion = English;
			hasScannedForEncodings = 0;
			knownRegions = (
				en,
				Base,
			);
			mainGroup = F36004F61DB6558100FEFFDF;
			productRefGroup = F36005001DB6558100FEFFDF /* Products */;
			projectDirPath = "";
			projectRoot = "";
			targets = (
				F36004FE1DB6558100FEFFDF /* Vino */,
			);
		};
/* End PBXProject section */

/* Begin PBXResourcesBuildPhase section */
		F36004FD1DB6558100FEFFDF /* Resources */ = {
			isa = PBXResourcesBuildPhase;
			buildActionMask = 2147483647;
			files = (
				F360050A1DB6558100FEFFDF /* Assets.xcassets in Resources */,
				F36005081DB6558100FEFFDF /* Main.storyboard in Resources */,
			);
			runOnlyForDeploymentPostprocessing = 0;
		};
/* End PBXResourcesBuildPhase section */

/* Begin PBXSourcesBuildPhase section */
		F36004FB1DB6558100FEFFDF /* Sources */ = {
			isa = PBXSourcesBuildPhase;
			buildActionMask = 2147483647;
			files = (
				F36005051DB6558100FEFFDF /* ViewController.swift in Sources */,
				F36005031DB6558100FEFFDF /* AppDelegate.swift in Sources */,
			);
			runOnlyForDeploymentPostprocessing = 0;
		};
/* End PBXSourcesBuildPhase section */

/* Begin PBXVariantGroup section */
		F36005061DB6558100FEFFDF /* Main.storyboard */ = {
			isa = PBXVariantGroup;
			children = (
				F36005071DB6558100FEFFDF /* Base */,
			);
			name = Main.storyboard;
			sourceTree = "<group>";
		};
/* End PBXVariantGroup section */

/* Begin XCBuildConfiguration section */
		F360050C1DB6558100FEFFDF /* Debug */ = {
			isa = XCBuildConfiguration;
			buildSettings = {
				ALWAYS_SEARCH_USER_PATHS = NO;
				CLANG_ANALYZER_NONNULL = YES;
				CLANG_CXX_LANGUAGE_STANDARD = "gnu++0x";
				CLANG_CXX_LIBRARY = "libc++";
				CLANG_ENABLE_MODULES = YES;
				CLANG_ENABLE_OBJC_ARC = YES;
				CLANG_WARN_BOOL_CONVERSION = YES;
				CLANG_WARN_CONSTANT_CONVERSION = YES;
				CLANG_WARN_DIRECT_OBJC_ISA_USAGE = YES_ERROR;
				CLANG_WARN_DOCUMENTATION_COMMENTS = YES;
				CLANG_WARN_EMPTY_BODY = YES;
				CLANG_WARN_ENUM_CONVERSION = YES;
				CLANG_WARN_INFINITE_RECURSION = YES;
				CLANG_WARN_INT_CONVERSION = YES;
				CLANG_WARN_OBJC_ROOT_CLASS = YES_ERROR;
				CLANG_WARN_SUSPICIOUS_MOVES = YES;
				CLANG_WARN_UNREACHABLE_CODE = YES;
				CLANG_WARN__DUPLICATE_METHOD_MATCH = YES;
				COPY_PHASE_STRIP = NO;
				DEBUG_INFORMATION_FORMAT = dwarf;
				ENABLE_STRICT_OBJC_MSGSEND = YES;
				ENABLE_TESTABILITY = YES;
				GCC_C_LANGUAGE_STANDARD = gnu99;
				GCC_DYNAMIC_NO_PIC = NO;
				GCC_NO_COMMON_BLOCKS = YES;
				GCC_OPTIMIZATION_LEVEL = 0;
				GCC_PREPROCESSOR_DEFINITIONS = (
					"DEBUG=1",
					"$(inherited)",
				);
				GCC_WARN_64_TO_32_BIT_CONVERSION = YES;
				GCC_WARN_ABOUT_RETURN_TYPE = YES_ERROR;
				GCC_WARN_UNDECLARED_SELECTOR = YES;
				GCC_WARN_UNINITIALIZED_AUTOS = YES_AGGRESSIVE;
				GCC_WARN_UNUSED_FUNCTION = YES;
				GCC_WARN_UNUSED_VARIABLE = YES;
				MTL_ENABLE_DEBUG_INFO = YES;
				ONLY_ACTIVE_ARCH = YES;
				SDKROOT = appletvos;
				SWIFT_ACTIVE_COMPILATION_CONDITIONS = DEBUG;
				SWIFT_OPTIMIZATION_LEVEL = "-Onone";
				TARGETED_DEVICE_FAMILY = 3;
				TVOS_DEPLOYMENT_TARGET = 10.0;
			};
			name = Debug;
		};
		F360050D1DB6558100FEFFDF /* Release */ = {
			isa = XCBuildConfiguration;
			buildSettings = {
				ALWAYS_SEARCH_USER_PATHS = NO;
				CLANG_ANALYZER_NONNULL = YES;
				CLANG_CXX_LANGUAGE_STANDARD = "gnu++0x";
				CLANG_CXX_LIBRARY = "libc++";
				CLANG_ENABLE_MODULES = YES;
				CLANG_ENABLE_OBJC_ARC = YES;
				CLANG_WARN_BOOL_CONVERSION = YES;
				CLANG_WARN_CONSTANT_CONVERSION = YES;
				CLANG_WARN_DIRECT_OBJC_ISA_USAGE = YES_ERROR;
				CLANG_WARN_DOCUMENTATION_COMMENTS = YES;
				CLANG_WARN_EMPTY_BODY = YES;
				CLANG_WARN_ENUM_CONVERSION = YES;
				CLANG_WARN_INFINITE_RECURSION = YES;
				CLANG_WARN_INT_CONVERSION = YES;
				CLANG_WARN_OBJC_ROOT_CLASS = YES_ERROR;
				CLANG_WARN_SUSPICIOUS_MOVES = YES;
				CLANG_WARN_UNREACHABLE_CODE = YES;
				CLANG_WARN__DUPLICATE_METHOD_MATCH = YES;
				COPY_PHASE_STRIP = NO;
				DEBUG_INFORMATION_FORMAT = "dwarf-with-dsym";
				ENABLE_NS_ASSERTIONS = NO;
				ENABLE_STRICT_OBJC_MSGSEND = YES;
				GCC_C_LANGUAGE_STANDARD = gnu99;
				GCC_NO_COMMON_BLOCKS = YES;
				GCC_WARN_64_TO_32_BIT_CONVERSION = YES;
				GCC_WARN_ABOUT_RETURN_TYPE = YES_ERROR;
				GCC_WARN_UNDECLARED_SELECTOR = YES;
				GCC_WARN_UNINITIALIZED_AUTOS = YES_AGGRESSIVE;
				GCC_WARN_UNUSED_FUNCTION = YES;
				GCC_WARN_UNUSED_VARIABLE = YES;
				MTL_ENABLE_DEBUG_INFO = NO;
				SDKROOT = appletvos;
				SWIFT_OPTIMIZATION_LEVEL = "-Owholemodule";
				TARGETED_DEVICE_FAMILY = 3;
				TVOS_DEPLOYMENT_TARGET = 10.0;
				VALIDATE_PRODUCT = YES;
			};
			name = Release;
		};
		F360050F1DB6558100FEFFDF /* Debug */ = {
			isa = XCBuildConfiguration;
			buildSettings = {
				ASSETCATALOG_COMPILER_APPICON_NAME = "App Icon & Top Shelf Image";
				ASSETCATALOG_COMPILER_LAUNCHIMAGE_NAME = LaunchImage;
				DEVELOPMENT_TEAM = RWC7T4Z6DX;
				FRAMEWORK_SEARCH_PATHS = (
					"$(inherited)",
					"$(PROJECT_DIR)/Carthage/Build/tvOS",
				);
				INFOPLIST_FILE = Vino/Info.plist;
				LD_RUNPATH_SEARCH_PATHS = "$(inherited) @executable_path/Frameworks";
				PRODUCT_BUNDLE_IDENTIFIER = com.prosumma.Vino;
				PRODUCT_NAME = "$(TARGET_NAME)";
				SWIFT_VERSION = 3.0;
			};
			name = Debug;
		};
		F36005101DB6558100FEFFDF /* Release */ = {
			isa = XCBuildConfiguration;
			buildSettings = {
				ASSETCATALOG_COMPILER_APPICON_NAME = "App Icon & Top Shelf Image";
				ASSETCATALOG_COMPILER_LAUNCHIMAGE_NAME = LaunchImage;
				DEVELOPMENT_TEAM = RWC7T4Z6DX;
				FRAMEWORK_SEARCH_PATHS = (
					"$(inherited)",
					"$(PROJECT_DIR)/Carthage/Build/tvOS",
				);
				INFOPLIST_FILE = Vino/Info.plist;
				LD_RUNPATH_SEARCH_PATHS = "$(inherited) @executable_path/Frameworks";
				PRODUCT_BUNDLE_IDENTIFIER = com.prosumma.Vino;
				PRODUCT_NAME = "$(TARGET_NAME)";
				SWIFT_VERSION = 3.0;
			};
			name = Release;
		};
/* End XCBuildConfiguration section */

/* Begin XCConfigurationList section */
		F36004FA1DB6558100FEFFDF /* Build configuration list for PBXProject "Vino" */ = {
			isa = XCConfigurationList;
			buildConfigurations = (
				F360050C1DB6558100FEFFDF /* Debug */,
				F360050D1DB6558100FEFFDF /* Release */,
			);
			defaultConfigurationIsVisible = 0;
			defaultConfigurationName = Release;
		};
		F360050E1DB6558100FEFFDF /* Build configuration list for PBXNativeTarget "Vino" */ = {
			isa = XCConfigurationList;
			buildConfigurations = (
				F360050F1DB6558100FEFFDF /* Debug */,
				F36005101DB6558100FEFFDF /* Release */,
			);
			defaultConfigurationIsVisible = 0;
		};
/* End XCConfigurationList section */
	};
	rootObject = F36004F71DB6558100FEFFDF /* Project object */;
}
